// !$*UTF8*$!
{
	archiveVersion = 1;
	classes = {
	};
	objectVersion = 46;
	objects = {

/* Begin PBXBuildFile section */
		AC1E7EF8188796820055324B /* Foundation.framework in Frameworks */ = {isa = PBXBuildFile; fileRef = AC1E7EF7188796820055324B /* Foundation.framework */; };
		AC1E7EFA188796820055324B /* CoreGraphics.framework in Frameworks */ = {isa = PBXBuildFile; fileRef = AC1E7EF9188796820055324B /* CoreGraphics.framework */; };
		AC1E7EFC188796820055324B /* UIKit.framework in Frameworks */ = {isa = PBXBuildFile; fileRef = AC1E7EFB188796820055324B /* UIKit.framework */; };
		AC1E7F02188796820055324B /* InfoPlist.strings in Resources */ = {isa = PBXBuildFile; fileRef = AC1E7F00188796820055324B /* InfoPlist.strings */; };
		AC1E7F04188796820055324B /* main.m in Sources */ = {isa = PBXBuildFile; fileRef = AC1E7F03188796820055324B /* main.m */; };
		AC1E7F08188796820055324B /* AppDelegate.m in Sources */ = {isa = PBXBuildFile; fileRef = AC1E7F07188796820055324B /* AppDelegate.m */; };
		AC1E7F0A188796820055324B /* Images.xcassets in Resources */ = {isa = PBXBuildFile; fileRef = AC1E7F09188796820055324B /* Images.xcassets */; };
		AC1E7F11188796820055324B /* XCTest.framework in Frameworks */ = {isa = PBXBuildFile; fileRef = AC1E7F10188796820055324B /* XCTest.framework */; };
		AC1E7F12188796820055324B /* Foundation.framework in Frameworks */ = {isa = PBXBuildFile; fileRef = AC1E7EF7188796820055324B /* Foundation.framework */; };
		AC1E7F13188796820055324B /* UIKit.framework in Frameworks */ = {isa = PBXBuildFile; fileRef = AC1E7EFB188796820055324B /* UIKit.framework */; };
		AC1E7F1B188796820055324B /* InfoPlist.strings in Resources */ = {isa = PBXBuildFile; fileRef = AC1E7F19188796820055324B /* InfoPlist.strings */; };
		AC1E7F1D188796820055324B /* CleverPumpkinTestTests.m in Sources */ = {isa = PBXBuildFile; fileRef = AC1E7F1C188796820055324B /* CleverPumpkinTestTests.m */; };
		AC1E7F2B18879DA60055324B /* NetworkLoader.m in Sources */ = {isa = PBXBuildFile; fileRef = AC1E7F2A18879DA60055324B /* NetworkLoader.m */; };
		AC1E7F2D18879E050055324B /* README.md in Resources */ = {isa = PBXBuildFile; fileRef = AC1E7F2C18879E050055324B /* README.md */; };
		AC1E7F301887A7F90055324B /* FlightXMLParseOperation.m in Sources */ = {isa = PBXBuildFile; fileRef = AC1E7F2F1887A7F90055324B /* FlightXMLParseOperation.m */; };
		AC1E7F331887A8C00055324B /* FlightData.m in Sources */ = {isa = PBXBuildFile; fileRef = AC1E7F321887A8C00055324B /* FlightData.m */; };
		ACE4E3E5188BB12100482F4C /* FlightListViewController.m in Sources */ = {isa = PBXBuildFile; fileRef = ACE4E3E4188BB12100482F4C /* FlightListViewController.m */; };
		ACE4E3E9188BC29200482F4C /* FlightsStorage.m in Sources */ = {isa = PBXBuildFile; fileRef = ACE4E3E8188BC29200482F4C /* FlightsStorage.m */; };
		ACE4E3EE188BE58100482F4C /* FlightInfoCell.m in Sources */ = {isa = PBXBuildFile; fileRef = ACE4E3ED188BE58100482F4C /* FlightInfoCell.m */; };
		ACE4E3F0188BE59500482F4C /* FlightInfoCell.xib in Resources */ = {isa = PBXBuildFile; fileRef = ACE4E3EF188BE59500482F4C /* FlightInfoCell.xib */; };
/* End PBXBuildFile section */

/* Begin PBXContainerItemProxy section */
		AC1E7F14188796820055324B /* PBXContainerItemProxy */ = {
			isa = PBXContainerItemProxy;
			containerPortal = AC1E7EEC188796820055324B /* Project object */;
			proxyType = 1;
			remoteGlobalIDString = AC1E7EF3188796820055324B;
			remoteInfo = CleverPumpkinTest;
		};
/* End PBXContainerItemProxy section */

/* Begin PBXFileReference section */
		AC1E7EF4188796820055324B /* CleverPumpkinTest.app */ = {isa = PBXFileReference; explicitFileType = wrapper.application; includeInIndex = 0; path = CleverPumpkinTest.app; sourceTree = BUILT_PRODUCTS_DIR; };
		AC1E7EF7188796820055324B /* Foundation.framework */ = {isa = PBXFileReference; lastKnownFileType = wrapper.framework; name = Foundation.framework; path = System/Library/Frameworks/Foundation.framework; sourceTree = SDKROOT; };
		AC1E7EF9188796820055324B /* CoreGraphics.framework */ = {isa = PBXFileReference; lastKnownFileType = wrapper.framework; name = CoreGraphics.framework; path = System/Library/Frameworks/CoreGraphics.framework; sourceTree = SDKROOT; };
		AC1E7EFB188796820055324B /* UIKit.framework */ = {isa = PBXFileReference; lastKnownFileType = wrapper.framework; name = UIKit.framework; path = System/Library/Frameworks/UIKit.framework; sourceTree = SDKROOT; };
		AC1E7EFF188796820055324B /* CleverPumpkinTest-Info.plist */ = {isa = PBXFileReference; lastKnownFileType = text.plist.xml; path = "CleverPumpkinTest-Info.plist"; sourceTree = "<group>"; };
		AC1E7F01188796820055324B /* en */ = {isa = PBXFileReference; lastKnownFileType = text.plist.strings; name = en; path = en.lproj/InfoPlist.strings; sourceTree = "<group>"; };
		AC1E7F03188796820055324B /* main.m */ = {isa = PBXFileReference; lastKnownFileType = sourcecode.c.objc; path = main.m; sourceTree = "<group>"; };
		AC1E7F05188796820055324B /* CleverPumpkinTest-Prefix.pch */ = {isa = PBXFileReference; lastKnownFileType = sourcecode.c.h; path = "CleverPumpkinTest-Prefix.pch"; sourceTree = "<group>"; };
		AC1E7F06188796820055324B /* AppDelegate.h */ = {isa = PBXFileReference; lastKnownFileType = sourcecode.c.h; path = AppDelegate.h; sourceTree = "<group>"; };
		AC1E7F07188796820055324B /* AppDelegate.m */ = {isa = PBXFileReference; lastKnownFileType = sourcecode.c.objc; path = AppDelegate.m; sourceTree = "<group>"; };
		AC1E7F09188796820055324B /* Images.xcassets */ = {isa = PBXFileReference; lastKnownFileType = folder.assetcatalog; path = Images.xcassets; sourceTree = "<group>"; };
		AC1E7F0F188796820055324B /* CleverPumpkinTestTests.xctest */ = {isa = PBXFileReference; explicitFileType = wrapper.cfbundle; includeInIndex = 0; path = CleverPumpkinTestTests.xctest; sourceTree = BUILT_PRODUCTS_DIR; };
		AC1E7F10188796820055324B /* XCTest.framework */ = {isa = PBXFileReference; lastKnownFileType = wrapper.framework; name = XCTest.framework; path = Library/Frameworks/XCTest.framework; sourceTree = DEVELOPER_DIR; };
		AC1E7F18188796820055324B /* CleverPumpkinTestTests-Info.plist */ = {isa = PBXFileReference; lastKnownFileType = text.plist.xml; path = "CleverPumpkinTestTests-Info.plist"; sourceTree = "<group>"; };
		AC1E7F1A188796820055324B /* en */ = {isa = PBXFileReference; lastKnownFileType = text.plist.strings; name = en; path = en.lproj/InfoPlist.strings; sourceTree = "<group>"; };
		AC1E7F1C188796820055324B /* CleverPumpkinTestTests.m */ = {isa = PBXFileReference; lastKnownFileType = sourcecode.c.objc; path = CleverPumpkinTestTests.m; sourceTree = "<group>"; };
		AC1E7F2918879DA60055324B /* NetworkLoader.h */ = {isa = PBXFileReference; fileEncoding = 4; lastKnownFileType = sourcecode.c.h; path = NetworkLoader.h; sourceTree = "<group>"; };
		AC1E7F2A18879DA60055324B /* NetworkLoader.m */ = {isa = PBXFileReference; fileEncoding = 4; lastKnownFileType = sourcecode.c.objc; path = NetworkLoader.m; sourceTree = "<group>"; };
		AC1E7F2C18879E050055324B /* README.md */ = {isa = PBXFileReference; fileEncoding = 4; lastKnownFileType = text; path = README.md; sourceTree = SOURCE_ROOT; };
		AC1E7F2E1887A7F90055324B /* FlightXMLParseOperation.h */ = {isa = PBXFileReference; fileEncoding = 4; lastKnownFileType = sourcecode.c.h; path = FlightXMLParseOperation.h; sourceTree = "<group>"; };
		AC1E7F2F1887A7F90055324B /* FlightXMLParseOperation.m */ = {isa = PBXFileReference; fileEncoding = 4; lastKnownFileType = sourcecode.c.objc; path = FlightXMLParseOperation.m; sourceTree = "<group>"; };
		AC1E7F311887A8C00055324B /* FlightData.h */ = {isa = PBXFileReference; fileEncoding = 4; lastKnownFileType = sourcecode.c.h; path = FlightData.h; sourceTree = "<group>"; };
		AC1E7F321887A8C00055324B /* FlightData.m */ = {isa = PBXFileReference; fileEncoding = 4; lastKnownFileType = sourcecode.c.objc; path = FlightData.m; sourceTree = "<group>"; };
		ACE4E3E3188BB12100482F4C /* FlightListViewController.h */ = {isa = PBXFileReference; fileEncoding = 4; lastKnownFileType = sourcecode.c.h; path = FlightListViewController.h; sourceTree = "<group>"; };
		ACE4E3E4188BB12100482F4C /* FlightListViewController.m */ = {isa = PBXFileReference; fileEncoding = 4; lastKnownFileType = sourcecode.c.objc; path = FlightListViewController.m; sourceTree = "<group>"; };
		ACE4E3E7188BC29200482F4C /* FlightsStorage.h */ = {isa = PBXFileReference; fileEncoding = 4; lastKnownFileType = sourcecode.c.h; path = FlightsStorage.h; sourceTree = "<group>"; };
		ACE4E3E8188BC29200482F4C /* FlightsStorage.m */ = {isa = PBXFileReference; fileEncoding = 4; lastKnownFileType = sourcecode.c.objc; path = FlightsStorage.m; sourceTree = "<group>"; };
		ACE4E3EC188BE58100482F4C /* FlightInfoCell.h */ = {isa = PBXFileReference; fileEncoding = 4; lastKnownFileType = sourcecode.c.h; path = FlightInfoCell.h; sourceTree = "<group>"; };
		ACE4E3ED188BE58100482F4C /* FlightInfoCell.m */ = {isa = PBXFileReference; fileEncoding = 4; lastKnownFileType = sourcecode.c.objc; path = FlightInfoCell.m; sourceTree = "<group>"; };
		ACE4E3EF188BE59500482F4C /* FlightInfoCell.xib */ = {isa = PBXFileReference; fileEncoding = 4; lastKnownFileType = file.xib; path = FlightInfoCell.xib; sourceTree = "<group>"; };
/* End PBXFileReference section */

/* Begin PBXFrameworksBuildPhase section */
		AC1E7EF1188796820055324B /* Frameworks */ = {
			isa = PBXFrameworksBuildPhase;
			buildActionMask = 2147483647;
			files = (
				AC1E7EFA188796820055324B /* CoreGraphics.framework in Frameworks */,
				AC1E7EFC188796820055324B /* UIKit.framework in Frameworks */,
				AC1E7EF8188796820055324B /* Foundation.framework in Frameworks */,
			);
			runOnlyForDeploymentPostprocessing = 0;
		};
		AC1E7F0C188796820055324B /* Frameworks */ = {
			isa = PBXFrameworksBuildPhase;
			buildActionMask = 2147483647;
			files = (
				AC1E7F11188796820055324B /* XCTest.framework in Frameworks */,
				AC1E7F13188796820055324B /* UIKit.framework in Frameworks */,
				AC1E7F12188796820055324B /* Foundation.framework in Frameworks */,
			);
			runOnlyForDeploymentPostprocessing = 0;
		};
/* End PBXFrameworksBuildPhase section */

/* Begin PBXGroup section */
		AC1E7EEB188796820055324B = {
			isa = PBXGroup;
			children = (
				AC1E7EFD188796820055324B /* CleverPumpkinTest */,
				AC1E7F16188796820055324B /* CleverPumpkinTestTests */,
				AC1E7EF6188796820055324B /* Frameworks */,
				AC1E7EF5188796820055324B /* Products */,
			);
			sourceTree = "<group>";
		};
		AC1E7EF5188796820055324B /* Products */ = {
			isa = PBXGroup;
			children = (
				AC1E7EF4188796820055324B /* CleverPumpkinTest.app */,
				AC1E7F0F188796820055324B /* CleverPumpkinTestTests.xctest */,
			);
			name = Products;
			sourceTree = "<group>";
		};
		AC1E7EF6188796820055324B /* Frameworks */ = {
			isa = PBXGroup;
			children = (
				AC1E7EF7188796820055324B /* Foundation.framework */,
				AC1E7EF9188796820055324B /* CoreGraphics.framework */,
				AC1E7EFB188796820055324B /* UIKit.framework */,
				AC1E7F10188796820055324B /* XCTest.framework */,
			);
			name = Frameworks;
			sourceTree = "<group>";
		};
		AC1E7EFD188796820055324B /* CleverPumpkinTest */ = {
			isa = PBXGroup;
			children = (
				AC1E7F2C18879E050055324B /* README.md */,
				AC1E7F2618879D620055324B /* AppDelegate */,
				AC1E7F2718879D6B0055324B /* Assets */,
				AC1E7F2818879D8D0055324B /* Model */,
				AC1E7EFE188796820055324B /* Supporting Files */,
				ACE4E3E6188BB59C00482F4C /* ViewControllers */,
				ACE4E3EA188BE55A00482F4C /* Views */,
			);
			path = CleverPumpkinTest;
			sourceTree = "<group>";
		};
		AC1E7EFE188796820055324B /* Supporting Files */ = {
			isa = PBXGroup;
			children = (
				AC1E7EFF188796820055324B /* CleverPumpkinTest-Info.plist */,
				AC1E7F00188796820055324B /* InfoPlist.strings */,
				AC1E7F03188796820055324B /* main.m */,
				AC1E7F05188796820055324B /* CleverPumpkinTest-Prefix.pch */,
			);
			name = "Supporting Files";
			sourceTree = "<group>";
		};
		AC1E7F16188796820055324B /* CleverPumpkinTestTests */ = {
			isa = PBXGroup;
			children = (
				AC1E7F1C188796820055324B /* CleverPumpkinTestTests.m */,
				AC1E7F17188796820055324B /* Supporting Files */,
			);
			path = CleverPumpkinTestTests;
			sourceTree = "<group>";
		};
		AC1E7F17188796820055324B /* Supporting Files */ = {
			isa = PBXGroup;
			children = (
				AC1E7F18188796820055324B /* CleverPumpkinTestTests-Info.plist */,
				AC1E7F19188796820055324B /* InfoPlist.strings */,
			);
			name = "Supporting Files";
			sourceTree = "<group>";
		};
		AC1E7F2618879D620055324B /* AppDelegate */ = {
			isa = PBXGroup;
			children = (
				AC1E7F06188796820055324B /* AppDelegate.h */,
				AC1E7F07188796820055324B /* AppDelegate.m */,
			);
			name = AppDelegate;
			sourceTree = "<group>";
		};
		AC1E7F2718879D6B0055324B /* Assets */ = {
			isa = PBXGroup;
			children = (
				AC1E7F09188796820055324B /* Images.xcassets */,
			);
			name = Assets;
			sourceTree = "<group>";
		};
		AC1E7F2818879D8D0055324B /* Model */ = {
			isa = PBXGroup;
			children = (
				AC1E7F311887A8C00055324B /* FlightData.h */,
				AC1E7F321887A8C00055324B /* FlightData.m */,
				ACE4E3E7188BC29200482F4C /* FlightsStorage.h */,
				ACE4E3E8188BC29200482F4C /* FlightsStorage.m */,
				AC1E7F2E1887A7F90055324B /* FlightXMLParseOperation.h */,
				AC1E7F2F1887A7F90055324B /* FlightXMLParseOperation.m */,
				AC1E7F2918879DA60055324B /* NetworkLoader.h */,
				AC1E7F2A18879DA60055324B /* NetworkLoader.m */,
			);
			name = Model;
			sourceTree = "<group>";
		};
		ACE4E3E6188BB59C00482F4C /* ViewControllers */ = {
			isa = PBXGroup;
			children = (
				ACE4E3E3188BB12100482F4C /* FlightListViewController.h */,
				ACE4E3E4188BB12100482F4C /* FlightListViewController.m */,
			);
			name = ViewControllers;
			sourceTree = "<group>";
		};
		ACE4E3EA188BE55A00482F4C /* Views */ = {
			isa = PBXGroup;
			children = (
				ACE4E3EC188BE58100482F4C /* FlightInfoCell.h */,
				ACE4E3ED188BE58100482F4C /* FlightInfoCell.m */,
				ACE4E3EF188BE59500482F4C /* FlightInfoCell.xib */,
			);
			name = Views;
			sourceTree = "<group>";
		};
/* End PBXGroup section */

/* Begin PBXNativeTarget section */
		AC1E7EF3188796820055324B /* CleverPumpkinTest */ = {
			isa = PBXNativeTarget;
			buildConfigurationList = AC1E7F20188796820055324B /* Build configuration list for PBXNativeTarget "CleverPumpkinTest" */;
			buildPhases = (
				AC1E7EF0188796820055324B /* Sources */,
				AC1E7EF1188796820055324B /* Frameworks */,
				AC1E7EF2188796820055324B /* Resources */,
			);
			buildRules = (
			);
			dependencies = (
			);
			name = CleverPumpkinTest;
			productName = CleverPumpkinTest;
			productReference = AC1E7EF4188796820055324B /* CleverPumpkinTest.app */;
			productType = "com.apple.product-type.application";
		};
		AC1E7F0E188796820055324B /* CleverPumpkinTestTests */ = {
			isa = PBXNativeTarget;
			buildConfigurationList = AC1E7F23188796820055324B /* Build configuration list for PBXNativeTarget "CleverPumpkinTestTests" */;
			buildPhases = (
				AC1E7F0B188796820055324B /* Sources */,
				AC1E7F0C188796820055324B /* Frameworks */,
				AC1E7F0D188796820055324B /* Resources */,
			);
			buildRules = (
			);
			dependencies = (
				AC1E7F15188796820055324B /* PBXTargetDependency */,
			);
			name = CleverPumpkinTestTests;
			productName = CleverPumpkinTestTests;
			productReference = AC1E7F0F188796820055324B /* CleverPumpkinTestTests.xctest */;
			productType = "com.apple.product-type.bundle.unit-test";
		};
/* End PBXNativeTarget section */

/* Begin PBXProject section */
		AC1E7EEC188796820055324B /* Project object */ = {
			isa = PBXProject;
			attributes = {
				LastUpgradeCheck = 0500;
				ORGANIZATIONNAME = "Artem Abramov";
				TargetAttributes = {
					AC1E7F0E188796820055324B = {
						TestTargetID = AC1E7EF3188796820055324B;
					};
				};
			};
			buildConfigurationList = AC1E7EEF188796820055324B /* Build configuration list for PBXProject "CleverPumpkinTest" */;
			compatibilityVersion = "Xcode 3.2";
			developmentRegion = English;
			hasScannedForEncodings = 0;
			knownRegions = (
				en,
			);
			mainGroup = AC1E7EEB188796820055324B;
			productRefGroup = AC1E7EF5188796820055324B /* Products */;
			projectDirPath = "";
			projectRoot = "";
			targets = (
				AC1E7EF3188796820055324B /* CleverPumpkinTest */,
				AC1E7F0E188796820055324B /* CleverPumpkinTestTests */,
			);
		};
/* End PBXProject section */

/* Begin PBXResourcesBuildPhase section */
		AC1E7EF2188796820055324B /* Resources */ = {
			isa = PBXResourcesBuildPhase;
			buildActionMask = 2147483647;
			files = (
				AC1E7F2D18879E050055324B /* README.md in Resources */,
				ACE4E3F0188BE59500482F4C /* FlightInfoCell.xib in Resources */,
				AC1E7F02188796820055324B /* InfoPlist.strings in Resources */,
				AC1E7F0A188796820055324B /* Images.xcassets in Resources */,
			);
			runOnlyForDeploymentPostprocessing = 0;
		};
		AC1E7F0D188796820055324B /* Resources */ = {
			isa = PBXResourcesBuildPhase;
			buildActionMask = 2147483647;
			files = (
				AC1E7F1B188796820055324B /* InfoPlist.strings in Resources */,
			);
			runOnlyForDeploymentPostprocessing = 0;
		};
/* End PBXResourcesBuildPhase section */

/* Begin PBXSourcesBuildPhase section */
		AC1E7EF0188796820055324B /* Sources */ = {
			isa = PBXSourcesBuildPhase;
			buildActionMask = 2147483647;
			files = (
				AC1E7F08188796820055324B /* AppDelegate.m in Sources */,
				AC1E7F2B18879DA60055324B /* NetworkLoader.m in Sources */,
				ACE4E3E5188BB12100482F4C /* FlightListViewController.m in Sources */,
				AC1E7F04188796820055324B /* main.m in Sources */,
				AC1E7F331887A8C00055324B /* FlightData.m in Sources */,
				ACE4E3EE188BE58100482F4C /* FlightInfoCell.m in Sources */,
				AC1E7F301887A7F90055324B /* FlightXMLParseOperation.m in Sources */,
				ACE4E3E9188BC29200482F4C /* FlightsStorage.m in Sources */,
			);
			runOnlyForDeploymentPostprocessing = 0;
		};
		AC1E7F0B188796820055324B /* Sources */ = {
			isa = PBXSourcesBuildPhase;
			buildActionMask = 2147483647;
			files = (
				AC1E7F1D188796820055324B /* CleverPumpkinTestTests.m in Sources */,
			);
			runOnlyForDeploymentPostprocessing = 0;
		};
/* End PBXSourcesBuildPhase section */

/* Begin PBXTargetDependency section */
		AC1E7F15188796820055324B /* PBXTargetDependency */ = {
			isa = PBXTargetDependency;
			target = AC1E7EF3188796820055324B /* CleverPumpkinTest */;
			targetProxy = AC1E7F14188796820055324B /* PBXContainerItemProxy */;
		};
/* End PBXTargetDependency section */

/* Begin PBXVariantGroup section */
		AC1E7F00188796820055324B /* InfoPlist.strings */ = {
			isa = PBXVariantGroup;
			children = (
				AC1E7F01188796820055324B /* en */,
			);
			name = InfoPlist.strings;
			sourceTree = "<group>";
		};
		AC1E7F19188796820055324B /* InfoPlist.strings */ = {
			isa = PBXVariantGroup;
			children = (
				AC1E7F1A188796820055324B /* en */,
			);
			name = InfoPlist.strings;
			sourceTree = "<group>";
		};
/* End PBXVariantGroup section */

/* Begin XCBuildConfiguration section */
		AC1E7F1E188796820055324B /* Debug */ = {
			isa = XCBuildConfiguration;
			buildSettings = {
				ALWAYS_SEARCH_USER_PATHS = NO;
				ARCHS = "$(ARCHS_STANDARD_INCLUDING_64_BIT)";
				CLANG_CXX_LANGUAGE_STANDARD = "gnu++0x";
				CLANG_CXX_LIBRARY = "libc++";
				CLANG_ENABLE_MODULES = YES;
				CLANG_ENABLE_OBJC_ARC = YES;
				CLANG_WARN_BOOL_CONVERSION = YES;
				CLANG_WARN_CONSTANT_CONVERSION = YES;
				CLANG_WARN_DIRECT_OBJC_ISA_USAGE = YES_ERROR;
				CLANG_WARN_EMPTY_BODY = YES;
				CLANG_WARN_ENUM_CONVERSION = YES;
				CLANG_WARN_INT_CONVERSION = YES;
				CLANG_WARN_OBJC_ROOT_CLASS = YES_ERROR;
				CLANG_WARN__DUPLICATE_METHOD_MATCH = YES;
				"CODE_SIGN_IDENTITY[sdk=iphoneos*]" = "iPhone Developer";
				COPY_PHASE_STRIP = NO;
				GCC_C_LANGUAGE_STANDARD = gnu99;
				GCC_DYNAMIC_NO_PIC = NO;
				GCC_OPTIMIZATION_LEVEL = 0;
				GCC_PREPROCESSOR_DEFINITIONS = (
					"DEBUG=1",
					"$(inherited)",
				);
				GCC_SYMBOLS_PRIVATE_EXTERN = NO;
				GCC_WARN_64_TO_32_BIT_CONVERSION = YES;
				GCC_WARN_ABOUT_RETURN_TYPE = YES_ERROR;
				GCC_WARN_UNDECLARED_SELECTOR = YES;
				GCC_WARN_UNINITIALIZED_AUTOS = YES;
				GCC_WARN_UNUSED_FUNCTION = YES;
				GCC_WARN_UNUSED_VARIABLE = YES;
				IPHONEOS_DEPLOYMENT_TARGET = 7.0;
				ONLY_ACTIVE_ARCH = YES;
				SDKROOT = iphoneos;
			};
			name = Debug;
		};
		AC1E7F1F188796820055324B /* Release */ = {
			isa = XCBuildConfiguration;
			buildSettings = {
				ALWAYS_SEARCH_USER_PATHS = NO;
				ARCHS = "$(ARCHS_STANDARD_INCLUDING_64_BIT)";
				CLANG_CXX_LANGUAGE_STANDARD = "gnu++0x";
				CLANG_CXX_LIBRARY = "libc++";
				CLANG_ENABLE_MODULES = YES;
				CLANG_ENABLE_OBJC_ARC = YES;
				CLANG_WARN_BOOL_CONVERSION = YES;
				CLANG_WARN_CONSTANT_CONVERSION = YES;
				CLANG_WARN_DIRECT_OBJC_ISA_USAGE = YES_ERROR;
				CLANG_WARN_EMPTY_BODY = YES;
				CLANG_WARN_ENUM_CONVERSION = YES;
				CLANG_WARN_INT_CONVERSION = YES;
				CLANG_WARN_OBJC_ROOT_CLASS = YES_ERROR;
				CLANG_WARN__DUPLICATE_METHOD_MATCH = YES;
				"CODE_SIGN_IDENTITY[sdk=iphoneos*]" = "iPhone Developer";
				COPY_PHASE_STRIP = YES;
				ENABLE_NS_ASSERTIONS = NO;
				GCC_C_LANGUAGE_STANDARD = gnu99;
				GCC_WARN_64_TO_32_BIT_CONVERSION = YES;
				GCC_WARN_ABOUT_RETURN_TYPE = YES_ERROR;
				GCC_WARN_UNDECLARED_SELECTOR = YES;
				GCC_WARN_UNINITIALIZED_AUTOS = YES;
				GCC_WARN_UNUSED_FUNCTION = YES;
				GCC_WARN_UNUSED_VARIABLE = YES;
				IPHONEOS_DEPLOYMENT_TARGET = 7.0;
				SDKROOT = iphoneos;
				VALIDATE_PRODUCT = YES;
			};
			name = Release;
		};
		AC1E7F21188796820055324B /* Debug */ = {
			isa = XCBuildConfiguration;
			buildSettings = {
				ASSETCATALOG_COMPILER_APPICON_NAME = AppIcon;
				ASSETCATALOG_COMPILER_LAUNCHIMAGE_NAME = LaunchImage;
				GCC_PRECOMPILE_PREFIX_HEADER = YES;
				GCC_PREFIX_HEADER = "CleverPumpkinTest/CleverPumpkinTest-Prefix.pch";
				INFOPLIST_FILE = "CleverPumpkinTest/CleverPumpkinTest-Info.plist";
				PRODUCT_NAME = "$(TARGET_NAME)";
				WRAPPER_EXTENSION = app;
			};
			name = Debug;
		};
		AC1E7F22188796820055324B /* Release */ = {
			isa = XCBuildConfiguration;
			buildSettings = {
				ASSETCATALOG_COMPILER_APPICON_NAME = AppIcon;
				ASSETCATALOG_COMPILER_LAUNCHIMAGE_NAME = LaunchImage;
				GCC_PRECOMPILE_PREFIX_HEADER = YES;
				GCC_PREFIX_HEADER = "CleverPumpkinTest/CleverPumpkinTest-Prefix.pch";
				INFOPLIST_FILE = "CleverPumpkinTest/CleverPumpkinTest-Info.plist";
				PRODUCT_NAME = "$(TARGET_NAME)";
				WRAPPER_EXTENSION = app;
			};
			name = Release;
		};
		AC1E7F24188796820055324B /* Debug */ = {
			isa = XCBuildConfiguration;
			buildSettings = {
				ARCHS = "$(ARCHS_STANDARD_INCLUDING_64_BIT)";
				BUNDLE_LOADER = "$(BUILT_PRODUCTS_DIR)/CleverPumpkinTest.app/CleverPumpkinTest";
				FRAMEWORK_SEARCH_PATHS = (
					"$(SDKROOT)/Developer/Library/Frameworks",
					"$(inherited)",
					"$(DEVELOPER_FRAMEWORKS_DIR)",
				);
				GCC_PRECOMPILE_PREFIX_HEADER = YES;
				GCC_PREFIX_HEADER = "CleverPumpkinTest/CleverPumpkinTest-Prefix.pch";
				GCC_PREPROCESSOR_DEFINITIONS = (
					"DEBUG=1",
					"$(inherited)",
				);
				INFOPLIST_FILE = "CleverPumpkinTestTests/CleverPumpkinTestTests-Info.plist";
				PRODUCT_NAME = "$(TARGET_NAME)";
				TEST_HOST = "$(BUNDLE_LOADER)";
				WRAPPER_EXTENSION = xctest;
			};
			name = Debug;
		};
		AC1E7F25188796820055324B /* Release */ = {
			isa = XCBuildConfiguration;
			buildSettings = {
				ARCHS = "$(ARCHS_STANDARD_INCLUDING_64_BIT)";
				BUNDLE_LOADER = "$(BUILT_PRODUCTS_DIR)/CleverPumpkinTest.app/CleverPumpkinTest";
				FRAMEWORK_SEARCH_PATHS = (
					"$(SDKROOT)/Developer/Library/Frameworks",
					"$(inherited)",
					"$(DEVELOPER_FRAMEWORKS_DIR)",
				);
				GCC_PRECOMPILE_PREFIX_HEADER = YES;
				GCC_PREFIX_HEADER = "CleverPumpkinTest/CleverPumpkinTest-Prefix.pch";
				INFOPLIST_FILE = "CleverPumpkinTestTests/CleverPumpkinTestTests-Info.plist";
				PRODUCT_NAME = "$(TARGET_NAME)";
				TEST_HOST = "$(BUNDLE_LOADER)";
				WRAPPER_EXTENSION = xctest;
			};
			name = Release;
		};
/* End XCBuildConfiguration section */

/* Begin XCConfigurationList section */
		AC1E7EEF188796820055324B /* Build configuration list for PBXProject "CleverPumpkinTest" */ = {
			isa = XCConfigurationList;
			buildConfigurations = (
				AC1E7F1E188796820055324B /* Debug */,
				AC1E7F1F188796820055324B /* Release */,
			);
			defaultConfigurationIsVisible = 0;
			defaultConfigurationName = Release;
		};
		AC1E7F20188796820055324B /* Build configuration list for PBXNativeTarget "CleverPumpkinTest" */ = {
			isa = XCConfigurationList;
			buildConfigurations = (
				AC1E7F21188796820055324B /* Debug */,
				AC1E7F22188796820055324B /* Release */,
			);
			defaultConfigurationIsVisible = 0;
			defaultConfigurationName = Release;
		};
		AC1E7F23188796820055324B /* Build configuration list for PBXNativeTarget "CleverPumpkinTestTests" */ = {
			isa = XCConfigurationList;
			buildConfigurations = (
				AC1E7F24188796820055324B /* Debug */,
				AC1E7F25188796820055324B /* Release */,
			);
			defaultConfigurationIsVisible = 0;
			defaultConfigurationName = Release;
		};
/* End XCConfigurationList section */
	};
	rootObject = AC1E7EEC188796820055324B /* Project object */;
}
